
Microsoft Visual Studio Solution File, Format Version 12.00
# Visual Studio Version 17
VisualStudioVersion = 17.5.33627.172
MinimumVisualStudioVersion = 10.0.40219.1
Project("{9A19103F-16F7-4668-BE54-9A1E7A4F7556}") = "Goal.Server", "Goal\Server\Goal.Server.csproj", "{4FA5F1A0-A81C-4D86-B3E8-31C56F3DC2C7}"
EndProject
Project("{9A19103F-16F7-4668-BE54-9A1E7A4F7556}") = "Goal.Client", "Goal\Client\Goal.Client.csproj", "{BC937077-C7CD-499A-9067-2028E25F4B62}"
EndProject
Project("{9A19103F-16F7-4668-BE54-9A1E7A4F7556}") = "Goal.Shared", "Goal\Shared\Goal.Shared.csproj", "{B0C5022F-3ECF-48F5-97F5-CB78D9BE2569}"
EndProject
Global
	GlobalSection(SolutionConfigurationPlatforms) = preSolution
		Debug|Any CPU = Debug|Any CPU
		Release|Any CPU = Release|Any CPU
	EndGlobalSection
	GlobalSection(ProjectConfigurationPlatforms) = postSolution
		{4FA5F1A0-A81C-4D86-B3E8-31C56F3DC2C7}.Debug|Any CPU.ActiveCfg = Debug|Any CPU
		{4FA5F1A0-A81C-4D86-B3E8-31C56F3DC2C7}.Debug|Any CPU.Build.0 = Debug|Any CPU
		{4FA5F1A0-A81C-4D86-B3E8-31C56F3DC2C7}.Release|Any CPU.ActiveCfg = Release|Any CPU
		{4FA5F1A0-A81C-4D86-B3E8-31C56F3DC2C7}.Release|Any CPU.Build.0 = Release|Any CPU
		{BC937077-C7CD-499A-9067-2028E25F4B62}.Debug|Any CPU.ActiveCfg = Debug|Any CPU
		{BC937077-C7CD-499A-9067-2028E25F4B62}.Debug|Any CPU.Build.0 = Debug|Any CPU
		{BC937077-C7CD-499A-9067-2028E25F4B62}.Release|Any CPU.ActiveCfg = Release|Any CPU
		{BC937077-C7CD-499A-9067-2028E25F4B62}.Release|Any CPU.Build.0 = Release|Any CPU
		{B0C5022F-3ECF-48F5-97F5-CB78D9BE2569}.Debug|Any CPU.ActiveCfg = Debug|Any CPU
		{B0C5022F-3ECF-48F5-97F5-CB78D9BE2569}.Debug|Any CPU.Build.0 = Debug|Any CPU
		{B0C5022F-3ECF-48F5-97F5-CB78D9BE2569}.Release|Any CPU.ActiveCfg = Release|Any CPU
		{B0C5022F-3ECF-48F5-97F5-CB78D9BE2569}.Release|Any CPU.Build.0 = Release|Any CPU
	EndGlobalSection
	GlobalSection(SolutionProperties) = preSolution
		HideSolutionNode = FALSE
	EndGlobalSection
	GlobalSection(ExtensibilityGlobals) = postSolution
		SolutionGuid = {38E20AAC-60EA-4EEB-81DF-C6396018E373}
	EndGlobalSection
EndGlobal
